
Microsoft Visual Studio Solution File, Format Version 12.00
# Visual Studio Version 17
VisualStudioVersion = 17.11.35327.3
MinimumVisualStudioVersion = 10.0.40219.1
Project("{FAE04EC0-301F-11D3-BF4B-00C04F79EFBC}") = "ApiSqlServer", "ApiSqlServer\ApiSqlServer.csproj", "{93381788-3797-40DD-BE33-A658BD387CF5}"
EndProject
Global
	GlobalSection(SolutionConfigurationPlatforms) = preSolution
		Debug|Any CPU = Debug|Any CPU
		Release|Any CPU = Release|Any CPU
	EndGlobalSection
	GlobalSection(ProjectConfigurationPlatforms) = postSolution
		{93381788-3797-40DD-BE33-A658BD387CF5}.Debug|Any CPU.ActiveCfg = Debug|Any CPU
		{93381788-3797-40DD-BE33-A658BD387CF5}.Debug|Any CPU.Build.0 = Debug|Any CPU
		{93381788-3797-40DD-BE33-A658BD387CF5}.Release|Any CPU.ActiveCfg = Release|Any CPU
		{93381788-3797-40DD-BE33-A658BD387CF5}.Release|Any CPU.Build.0 = Release|Any CPU
	EndGlobalSection
	GlobalSection(SolutionProperties) = preSolution
		HideSolutionNode = FALSE
	EndGlobalSection
	GlobalSection(ExtensibilityGlobals) = postSolution
		SolutionGuid = {24817B9E-EA17-480E-925E-E6E2C43BA735}
	EndGlobalSection
EndGlobal
